
Microsoft Visual Studio Solution File, Format Version 12.00
# Visual Studio Version 17
VisualStudioVersion = 17.4.33122.133
MinimumVisualStudioVersion = 10.0.40219.1
Project("{FAE04EC0-301F-11D3-BF4B-00C04F79EFBC}") = "Best Time to Buy and Sell Stock", "Best Time to Buy and Sell Stock\Best Time to Buy and Sell Stock.csproj", "{61963FAF-2116-4C87-A9BF-3F95BBB1BD4E}"
EndProject
Global
	GlobalSection(SolutionConfigurationPlatforms) = preSolution
		Debug|Any CPU = Debug|Any CPU
		Release|Any CPU = Release|Any CPU
	EndGlobalSection
	GlobalSection(ProjectConfigurationPlatforms) = postSolution
		{61963FAF-2116-4C87-A9BF-3F95BBB1BD4E}.Debug|Any CPU.ActiveCfg = Debug|Any CPU
		{61963FAF-2116-4C87-A9BF-3F95BBB1BD4E}.Debug|Any CPU.Build.0 = Debug|Any CPU
		{61963FAF-2116-4C87-A9BF-3F95BBB1BD4E}.Release|Any CPU.ActiveCfg = Release|Any CPU
		{61963FAF-2116-4C87-A9BF-3F95BBB1BD4E}.Release|Any CPU.Build.0 = Release|Any CPU
	EndGlobalSection
	GlobalSection(SolutionProperties) = preSolution
		HideSolutionNode = FALSE
	EndGlobalSection
	GlobalSection(ExtensibilityGlobals) = postSolution
		SolutionGuid = {0A1706A0-3209-42D2-881C-16BBE7138CC7}
	EndGlobalSection
EndGlobal
